{
  "originHash" : "2e3e4ce61668519611163605ba9c2b3235f0c680ee25593a5876b3a9821b0ddc",
  "pins" : [
    {
      "identity" : "owonecall",
      "kind" : "remoteSourceControl",
      "location" : "https://github.com/workingDog/OWOneCall",
      "state" : {
        "branch" : "master",
        "revision" : "b90d029b909107949aa05d6dbe874d2367ebefeb"
      }
    }
  ],
  "version" : 3
}
