{
  "pins" : [
    {
      "identity" : "owonecall",
      "kind" : "remoteSourceControl",
      "location" : "https://github.com/workingDog/OWOneCall",
      "state" : {
        "branch" : "master",
        "revision" : "75228f8d8f3d03be8acf08d165aae7d99b39ea0b"
      }
    }
  ],
  "version" : 2
}
