{
  "object": {
    "pins": [
      {
        "package": "OWOneCall",
        "repositoryURL": "https://github.com/workingDog/OWOneCall.git",
        "state": {
          "branch": null,
          "revision": "d3770c3b960fe2237ba64699f484fc4152e79fc2",
          "version": "1.1.0"
        }
      }
    ]
  },
  "version": 1
}
